
Microsoft Visual Studio Solution File, Format Version 12.00
# Visual Studio Version 17
VisualStudioVersion = 17.6.33723.286
MinimumVisualStudioVersion = 10.0.40219.1
Project("{9A19103F-16F7-4668-BE54-9A1E7A4F7556}") = "CostsSettler.API", "CostsSettler.API\CostsSettler.API.csproj", "{48A1275C-1237-45C2-B5CA-C306C908E426}"
EndProject
Project("{9A19103F-16F7-4668-BE54-9A1E7A4F7556}") = "CostsSettler.Domain", "CostsSettler.Domain\CostsSettler.Domain.csproj", "{F31761F2-FA07-4E1D-973B-4147200DCE58}"
EndProject
Project("{9A19103F-16F7-4668-BE54-9A1E7A4F7556}") = "CostsSettler.Repo", "CostsSettler.Repo\CostsSettler.Repo.csproj", "{0536A400-2199-4CB4-8955-E8F0EB688C7B}"
EndProject
Project("{9A19103F-16F7-4668-BE54-9A1E7A4F7556}") = "CostsSettler.Auth", "CostsSettler.Auth\CostsSettler.Auth.csproj", "{44282EFB-DC67-4FF7-A848-AA2945E1EBE7}"
EndProject
Project("{2150E333-8FDC-42A3-9474-1A3956D46DE8}") = "Solution Items", "Solution Items", "{32B4884F-86F8-402E-ABC9-B55E9241B171}"
	ProjectSection(SolutionItems) = preProject
		docker-compose.yaml = docker-compose.yaml
	EndProjectSection
EndProject
Project("{FAE04EC0-301F-11D3-BF4B-00C04F79EFBC}") = "CostsSettler.Tests", "CostsSettler.Tests\CostsSettler.Tests.csproj", "{B5DD9E7A-7B7A-4475-83E3-E2C9BD0E6027}"
EndProject
Global
	GlobalSection(SolutionConfigurationPlatforms) = preSolution
		Debug|Any CPU = Debug|Any CPU
		Release|Any CPU = Release|Any CPU
	EndGlobalSection
	GlobalSection(ProjectConfigurationPlatforms) = postSolution
		{48A1275C-1237-45C2-B5CA-C306C908E426}.Debug|Any CPU.ActiveCfg = Debug|Any CPU
		{48A1275C-1237-45C2-B5CA-C306C908E426}.Debug|Any CPU.Build.0 = Debug|Any CPU
		{48A1275C-1237-45C2-B5CA-C306C908E426}.Release|Any CPU.ActiveCfg = Release|Any CPU
		{48A1275C-1237-45C2-B5CA-C306C908E426}.Release|Any CPU.Build.0 = Release|Any CPU
		{F31761F2-FA07-4E1D-973B-4147200DCE58}.Debug|Any CPU.ActiveCfg = Debug|Any CPU
		{F31761F2-FA07-4E1D-973B-4147200DCE58}.Debug|Any CPU.Build.0 = Debug|Any CPU
		{F31761F2-FA07-4E1D-973B-4147200DCE58}.Release|Any CPU.ActiveCfg = Release|Any CPU
		{F31761F2-FA07-4E1D-973B-4147200DCE58}.Release|Any CPU.Build.0 = Release|Any CPU
		{0536A400-2199-4CB4-8955-E8F0EB688C7B}.Debug|Any CPU.ActiveCfg = Debug|Any CPU
		{0536A400-2199-4CB4-8955-E8F0EB688C7B}.Debug|Any CPU.Build.0 = Debug|Any CPU
		{0536A400-2199-4CB4-8955-E8F0EB688C7B}.Release|Any CPU.ActiveCfg = Release|Any CPU
		{0536A400-2199-4CB4-8955-E8F0EB688C7B}.Release|Any CPU.Build.0 = Release|Any CPU
		{44282EFB-DC67-4FF7-A848-AA2945E1EBE7}.Debug|Any CPU.ActiveCfg = Debug|Any CPU
		{44282EFB-DC67-4FF7-A848-AA2945E1EBE7}.Debug|Any CPU.Build.0 = Debug|Any CPU
		{44282EFB-DC67-4FF7-A848-AA2945E1EBE7}.Release|Any CPU.ActiveCfg = Release|Any CPU
		{44282EFB-DC67-4FF7-A848-AA2945E1EBE7}.Release|Any CPU.Build.0 = Release|Any CPU
		{B5DD9E7A-7B7A-4475-83E3-E2C9BD0E6027}.Debug|Any CPU.ActiveCfg = Debug|Any CPU
		{B5DD9E7A-7B7A-4475-83E3-E2C9BD0E6027}.Debug|Any CPU.Build.0 = Debug|Any CPU
		{B5DD9E7A-7B7A-4475-83E3-E2C9BD0E6027}.Release|Any CPU.ActiveCfg = Release|Any CPU
		{B5DD9E7A-7B7A-4475-83E3-E2C9BD0E6027}.Release|Any CPU.Build.0 = Release|Any CPU
	EndGlobalSection
	GlobalSection(SolutionProperties) = preSolution
		HideSolutionNode = FALSE
	EndGlobalSection
	GlobalSection(ExtensibilityGlobals) = postSolution
		SolutionGuid = {C1064253-1E2E-4F92-BC7A-A47EDF80FCC6}
	EndGlobalSection
EndGlobal
